
Microsoft Visual Studio Solution File, Format Version 12.00
# Visual Studio Version 16
VisualStudioVersion = 16.0.30002.166
MinimumVisualStudioVersion = 10.0.40219.1
Project("{FAE04EC0-301F-11D3-BF4B-00C04F79EFBC}") = "DutchTreat", "DutchTreat.csproj", "{A1776996-B4D7-4750-A1D8-9FD990737A79}"
EndProject
Global
	GlobalSection(SolutionConfigurationPlatforms) = preSolution
		Debug|Any CPU = Debug|Any CPU
		Release|Any CPU = Release|Any CPU
	EndGlobalSection
	GlobalSection(ProjectConfigurationPlatforms) = postSolution
		{A1776996-B4D7-4750-A1D8-9FD990737A79}.Debug|Any CPU.ActiveCfg = Debug|Any CPU
		{A1776996-B4D7-4750-A1D8-9FD990737A79}.Debug|Any CPU.Build.0 = Debug|Any CPU
		{A1776996-B4D7-4750-A1D8-9FD990737A79}.Release|Any CPU.ActiveCfg = Release|Any CPU
		{A1776996-B4D7-4750-A1D8-9FD990737A79}.Release|Any CPU.Build.0 = Release|Any CPU
	EndGlobalSection
	GlobalSection(SolutionProperties) = preSolution
		HideSolutionNode = FALSE
	EndGlobalSection
	GlobalSection(ExtensibilityGlobals) = postSolution
		SolutionGuid = {C9CE9AFD-BF08-4B14-BEC6-BE884C7676D8}
	EndGlobalSection
EndGlobal
